// !$*UTF8*$!
{
	archiveVersion = 1;
	classes = {
	};
	objectVersion = 50;
	objects = {

/* Begin PBXBuildFile section */
		AA07DAB921C8A37F00066272 /* AppDelegate.swift in Sources */ = {isa = PBXBuildFile; fileRef = AA07DAB821C8A37F00066272 /* AppDelegate.swift */; };
		AA07DABE21C8A37F00066272 /* Main.storyboard in Resources */ = {isa = PBXBuildFile; fileRef = AA07DABC21C8A37F00066272 /* Main.storyboard */; };
		AA07DAC321C8A38100066272 /* LaunchScreen.storyboard in Resources */ = {isa = PBXBuildFile; fileRef = AA07DAC121C8A38100066272 /* LaunchScreen.storyboard */; };
		AA07DACB21C8A3C300066272 /* Assets.xcassets in Resources */ = {isa = PBXBuildFile; fileRef = AA07DACA21C8A3C300066272 /* Assets.xcassets */; };
		AA07DACD21C8A40500066272 /* HomeViewController.swift in Sources */ = {isa = PBXBuildFile; fileRef = AA07DACC21C8A40500066272 /* HomeViewController.swift */; };
		AA07DACF21C8A41500066272 /* GameStarterViewController.swift in Sources */ = {isa = PBXBuildFile; fileRef = AA07DACE21C8A41500066272 /* GameStarterViewController.swift */; };
		AA07DAD121C8A42700066272 /* GIFGamingViewController.swift in Sources */ = {isa = PBXBuildFile; fileRef = AA07DAD021C8A42700066272 /* GIFGamingViewController.swift */; };
		AA07DAD321C8A43F00066272 /* RecordTableViewController.swift in Sources */ = {isa = PBXBuildFile; fileRef = AA07DAD221C8A43F00066272 /* RecordTableViewController.swift */; };
		AA13356F21C8C2520023DF0C /* SignViewController.swift in Sources */ = {isa = PBXBuildFile; fileRef = AA13356E21C8C2520023DF0C /* SignViewController.swift */; };
		AAC91B1221C9012C00DB8632 /* API.swift in Sources */ = {isa = PBXBuildFile; fileRef = AAC91B1121C9012C00DB8632 /* API.swift */; };
		AAC91B1421C905A000DB8632 /* ForUserDeaults.swift in Sources */ = {isa = PBXBuildFile; fileRef = AAC91B1321C905A000DB8632 /* ForUserDeaults.swift */; };
/* End PBXBuildFile section */

/* Begin PBXFileReference section */
		AA07DAB521C8A37F00066272 /* GIF木頭人 重置.app */ = {isa = PBXFileReference; explicitFileType = wrapper.application; includeInIndex = 0; path = "GIF木頭人 重置.app"; sourceTree = BUILT_PRODUCTS_DIR; };
		AA07DAB821C8A37F00066272 /* AppDelegate.swift */ = {isa = PBXFileReference; lastKnownFileType = sourcecode.swift; path = AppDelegate.swift; sourceTree = "<group>"; };
		AA07DABD21C8A37F00066272 /* Base */ = {isa = PBXFileReference; lastKnownFileType = file.storyboard; name = Base; path = Base.lproj/Main.storyboard; sourceTree = "<group>"; };
		AA07DAC221C8A38100066272 /* Base */ = {isa = PBXFileReference; lastKnownFileType = file.storyboard; name = Base; path = Base.lproj/LaunchScreen.storyboard; sourceTree = "<group>"; };
		AA07DAC421C8A38100066272 /* Info.plist */ = {isa = PBXFileReference; lastKnownFileType = text.plist.xml; path = Info.plist; sourceTree = "<group>"; };
		AA07DACA21C8A3C300066272 /* Assets.xcassets */ = {isa = PBXFileReference; lastKnownFileType = folder.assetcatalog; path = Assets.xcassets; sourceTree = "<group>"; };
		AA07DACC21C8A40500066272 /* HomeViewController.swift */ = {isa = PBXFileReference; lastKnownFileType = sourcecode.swift; path = HomeViewController.swift; sourceTree = "<group>"; };
		AA07DACE21C8A41500066272 /* GameStarterViewController.swift */ = {isa = PBXFileReference; lastKnownFileType = sourcecode.swift; path = GameStarterViewController.swift; sourceTree = "<group>"; };
		AA07DAD021C8A42700066272 /* GIFGamingViewController.swift */ = {isa = PBXFileReference; lastKnownFileType = sourcecode.swift; path = GIFGamingViewController.swift; sourceTree = "<group>"; };
		AA07DAD221C8A43F00066272 /* RecordTableViewController.swift */ = {isa = PBXFileReference; lastKnownFileType = sourcecode.swift; path = RecordTableViewController.swift; sourceTree = "<group>"; };
		AA13356E21C8C2520023DF0C /* SignViewController.swift */ = {isa = PBXFileReference; lastKnownFileType = sourcecode.swift; path = SignViewController.swift; sourceTree = "<group>"; };
		AAC91B1121C9012C00DB8632 /* API.swift */ = {isa = PBXFileReference; lastKnownFileType = sourcecode.swift; path = API.swift; sourceTree = "<group>"; };
		AAC91B1321C905A000DB8632 /* ForUserDeaults.swift */ = {isa = PBXFileReference; lastKnownFileType = sourcecode.swift; path = ForUserDeaults.swift; sourceTree = "<group>"; };
/* End PBXFileReference section */

/* Begin PBXFrameworksBuildPhase section */
		AA07DAB221C8A37F00066272 /* Frameworks */ = {
			isa = PBXFrameworksBuildPhase;
			buildActionMask = 2147483647;
			files = (
			);
			runOnlyForDeploymentPostprocessing = 0;
		};
/* End PBXFrameworksBuildPhase section */

/* Begin PBXGroup section */
		AA07DAAC21C8A37F00066272 = {
			isa = PBXGroup;
			children = (
				AA07DAB721C8A37F00066272 /* GIF木頭人 重置 */,
				AA07DAB621C8A37F00066272 /* Products */,
			);
			sourceTree = "<group>";
		};
		AA07DAB621C8A37F00066272 /* Products */ = {
			isa = PBXGroup;
			children = (
				AA07DAB521C8A37F00066272 /* GIF木頭人 重置.app */,
			);
			name = Products;
			sourceTree = "<group>";
		};
		AA07DAB721C8A37F00066272 /* GIF木頭人 重置 */ = {
			isa = PBXGroup;
			children = (
				AA07DAB821C8A37F00066272 /* AppDelegate.swift */,
				AA07DABC21C8A37F00066272 /* Main.storyboard */,
				AA07DACC21C8A40500066272 /* HomeViewController.swift */,
				AA13356E21C8C2520023DF0C /* SignViewController.swift */,
				AA07DACE21C8A41500066272 /* GameStarterViewController.swift */,
				AA07DAD021C8A42700066272 /* GIFGamingViewController.swift */,
				AAC91B1121C9012C00DB8632 /* API.swift */,
				AAC91B1321C905A000DB8632 /* ForUserDeaults.swift */,
				AA07DAD221C8A43F00066272 /* RecordTableViewController.swift */,
				AA07DACA21C8A3C300066272 /* Assets.xcassets */,
				AA07DAC121C8A38100066272 /* LaunchScreen.storyboard */,
				AA07DAC421C8A38100066272 /* Info.plist */,
			);
			path = "GIF木頭人 重置";
			sourceTree = "<group>";
		};
/* End PBXGroup section */

/* Begin PBXNativeTarget section */
		AA07DAB421C8A37F00066272 /* GIF木頭人 重置 */ = {
			isa = PBXNativeTarget;
			buildConfigurationList = AA07DAC721C8A38100066272 /* Build configuration list for PBXNativeTarget "GIF木頭人 重置" */;
			buildPhases = (
				AA07DAB121C8A37F00066272 /* Sources */,
				AA07DAB221C8A37F00066272 /* Frameworks */,
				AA07DAB321C8A37F00066272 /* Resources */,
			);
			buildRules = (
			);
			dependencies = (
			);
			name = "GIF木頭人 重置";
			productName = "GIF木頭人 重置";
			productReference = AA07DAB521C8A37F00066272 /* GIF木頭人 重置.app */;
			productType = "com.apple.product-type.application";
		};
/* End PBXNativeTarget section */

/* Begin PBXProject section */
		AA07DAAD21C8A37F00066272 /* Project object */ = {
			isa = PBXProject;
			attributes = {
				LastSwiftUpdateCheck = 1010;
				LastUpgradeCheck = 1010;
				ORGANIZATIONNAME = "游宗諭";
				TargetAttributes = {
					AA07DAB421C8A37F00066272 = {
						CreatedOnToolsVersion = 10.1;
					};
				};
			};
			buildConfigurationList = AA07DAB021C8A37F00066272 /* Build configuration list for PBXProject "GIF木頭人 重置" */;
			compatibilityVersion = "Xcode 9.3";
			developmentRegion = en;
			hasScannedForEncodings = 0;
			knownRegions = (
				en,
				Base,
			);
			mainGroup = AA07DAAC21C8A37F00066272;
			productRefGroup = AA07DAB621C8A37F00066272 /* Products */;
			projectDirPath = "";
			projectRoot = "";
			targets = (
				AA07DAB421C8A37F00066272 /* GIF木頭人 重置 */,
			);
		};
/* End PBXProject section */

/* Begin PBXResourcesBuildPhase section */
		AA07DAB321C8A37F00066272 /* Resources */ = {
			isa = PBXResourcesBuildPhase;
			buildActionMask = 2147483647;
			files = (
				AA07DAC321C8A38100066272 /* LaunchScreen.storyboard in Resources */,
				AA07DACB21C8A3C300066272 /* Assets.xcassets in Resources */,
				AA07DABE21C8A37F00066272 /* Main.storyboard in Resources */,
			);
			runOnlyForDeploymentPostprocessing = 0;
		};
/* End PBXResourcesBuildPhase section */

/* Begin PBXSourcesBuildPhase section */
		AA07DAB121C8A37F00066272 /* Sources */ = {
			isa = PBXSourcesBuildPhase;
			buildActionMask = 2147483647;
			files = (
				AA07DAD121C8A42700066272 /* GIFGamingViewController.swift in Sources */,
				AA13356F21C8C2520023DF0C /* SignViewController.swift in Sources */,
				AA07DACF21C8A41500066272 /* GameStarterViewController.swift in Sources */,
				AA07DAB921C8A37F00066272 /* AppDelegate.swift in Sources */,
				AA07DACD21C8A40500066272 /* HomeViewController.swift in Sources */,
				AA07DAD321C8A43F00066272 /* RecordTableViewController.swift in Sources */,
				AAC91B1221C9012C00DB8632 /* API.swift in Sources */,
				AAC91B1421C905A000DB8632 /* ForUserDeaults.swift in Sources */,
			);
			runOnlyForDeploymentPostprocessing = 0;
		};
/* End PBXSourcesBuildPhase section */

/* Begin PBXVariantGroup section */
		AA07DABC21C8A37F00066272 /* Main.storyboard */ = {
			isa = PBXVariantGroup;
			children = (
				AA07DABD21C8A37F00066272 /* Base */,
			);
			name = Main.storyboard;
			sourceTree = "<group>";
		};
		AA07DAC121C8A38100066272 /* LaunchScreen.storyboard */ = {
			isa = PBXVariantGroup;
			children = (
				AA07DAC221C8A38100066272 /* Base */,
			);
			name = LaunchScreen.storyboard;
			sourceTree = "<group>";
		};
/* End PBXVariantGroup section */

/* Begin XCBuildConfiguration section */
		AA07DAC521C8A38100066272 /* Debug */ = {
			isa = XCBuildConfiguration;
			buildSettings = {
				ALWAYS_SEARCH_USER_PATHS = NO;
				CLANG_ANALYZER_NONNULL = YES;
				CLANG_ANALYZER_NUMBER_OBJECT_CONVERSION = YES_AGGRESSIVE;
				CLANG_CXX_LANGUAGE_STANDARD = "gnu++14";
				CLANG_CXX_LIBRARY = "libc++";
				CLANG_ENABLE_MODULES = YES;
				CLANG_ENABLE_OBJC_ARC = YES;
				CLANG_ENABLE_OBJC_WEAK = YES;
				CLANG_WARN_BLOCK_CAPTURE_AUTORELEASING = YES;
				CLANG_WARN_BOOL_CONVERSION = YES;
				CLANG_WARN_COMMA = YES;
				CLANG_WARN_CONSTANT_CONVERSION = YES;
				CLANG_WARN_DEPRECATED_OBJC_IMPLEMENTATIONS = YES;
				CLANG_WARN_DIRECT_OBJC_ISA_USAGE = YES_ERROR;
				CLANG_WARN_DOCUMENTATION_COMMENTS = YES;
				CLANG_WARN_EMPTY_BODY = YES;
				CLANG_WARN_ENUM_CONVERSION = YES;
				CLANG_WARN_INFINITE_RECURSION = YES;
				CLANG_WARN_INT_CONVERSION = YES;
				CLANG_WARN_NON_LITERAL_NULL_CONVERSION = YES;
				CLANG_WARN_OBJC_IMPLICIT_RETAIN_SELF = YES;
				CLANG_WARN_OBJC_LITERAL_CONVERSION = YES;
				CLANG_WARN_OBJC_ROOT_CLASS = YES_ERROR;
				CLANG_WARN_RANGE_LOOP_ANALYSIS = YES;
				CLANG_WARN_STRICT_PROTOTYPES = YES;
				CLANG_WARN_SUSPICIOUS_MOVE = YES;
				CLANG_WARN_UNGUARDED_AVAILABILITY = YES_AGGRESSIVE;
				CLANG_WARN_UNREACHABLE_CODE = YES;
				CLANG_WARN__DUPLICATE_METHOD_MATCH = YES;
				CODE_SIGN_IDENTITY = "iPhone Developer";
				COPY_PHASE_STRIP = NO;
				DEBUG_INFORMATION_FORMAT = dwarf;
				ENABLE_STRICT_OBJC_MSGSEND = YES;
				ENABLE_TESTABILITY = YES;
				GCC_C_LANGUAGE_STANDARD = gnu11;
				GCC_DYNAMIC_NO_PIC = NO;
				GCC_NO_COMMON_BLOCKS = YES;
				GCC_OPTIMIZATION_LEVEL = 0;
				GCC_PREPROCESSOR_DEFINITIONS = (
					"DEBUG=1",
					"$(inherited)",
				);
				GCC_WARN_64_TO_32_BIT_CONVERSION = YES;
				GCC_WARN_ABOUT_RETURN_TYPE = YES_ERROR;
				GCC_WARN_UNDECLARED_SELECTOR = YES;
				GCC_WARN_UNINITIALIZED_AUTOS = YES_AGGRESSIVE;
				GCC_WARN_UNUSED_FUNCTION = YES;
				GCC_WARN_UNUSED_VARIABLE = YES;
				IPHONEOS_DEPLOYMENT_TARGET = 12.1;
				MTL_ENABLE_DEBUG_INFO = INCLUDE_SOURCE;
				MTL_FAST_MATH = YES;
				ONLY_ACTIVE_ARCH = YES;
				SDKROOT = iphoneos;
				SWIFT_ACTIVE_COMPILATION_CONDITIONS = DEBUG;
				SWIFT_OPTIMIZATION_LEVEL = "-Onone";
			};
			name = Debug;
		};
		AA07DAC621C8A38100066272 /* Release */ = {
			isa = XCBuildConfiguration;
			buildSettings = {
				ALWAYS_SEARCH_USER_PATHS = NO;
				CLANG_ANALYZER_NONNULL = YES;
				CLANG_ANALYZER_NUMBER_OBJECT_CONVERSION = YES_AGGRESSIVE;
				CLANG_CXX_LANGUAGE_STANDARD = "gnu++14";
				CLANG_CXX_LIBRARY = "libc++";
				CLANG_ENABLE_MODULES = YES;
				CLANG_ENABLE_OBJC_ARC = YES;
				CLANG_ENABLE_OBJC_WEAK = YES;
				CLANG_WARN_BLOCK_CAPTURE_AUTORELEASING = YES;
				CLANG_WARN_BOOL_CONVERSION = YES;
				CLANG_WARN_COMMA = YES;
				CLANG_WARN_CONSTANT_CONVERSION = YES;
				CLANG_WARN_DEPRECATED_OBJC_IMPLEMENTATIONS = YES;
				CLANG_WARN_DIRECT_OBJC_ISA_USAGE = YES_ERROR;
				CLANG_WARN_DOCUMENTATION_COMMENTS = YES;
				CLANG_WARN_EMPTY_BODY = YES;
				CLANG_WARN_ENUM_CONVERSION = YES;
				CLANG_WARN_INFINITE_RECURSION = YES;
				CLANG_WARN_INT_CONVERSION = YES;
				CLANG_WARN_NON_LITERAL_NULL_CONVERSION = YES;
				CLANG_WARN_OBJC_IMPLICIT_RETAIN_SELF = YES;
				CLANG_WARN_OBJC_LITERAL_CONVERSION = YES;
				CLANG_WARN_OBJC_ROOT_CLASS = YES_ERROR;
				CLANG_WARN_RANGE_LOOP_ANALYSIS = YES;
				CLANG_WARN_STRICT_PROTOTYPES = YES;
				CLANG_WARN_SUSPICIOUS_MOVE = YES;
				CLANG_WARN_UNGUARDED_AVAILABILITY = YES_AGGRESSIVE;
				CLANG_WARN_UNREACHABLE_CODE = YES;
				CLANG_WARN__DUPLICATE_METHOD_MATCH = YES;
				CODE_SIGN_IDENTITY = "iPhone Developer";
				COPY_PHASE_STRIP = NO;
				DEBUG_INFORMATION_FORMAT = "dwarf-with-dsym";
				ENABLE_NS_ASSERTIONS = NO;
				ENABLE_STRICT_OBJC_MSGSEND = YES;
				GCC_C_LANGUAGE_STANDARD = gnu11;
				GCC_NO_COMMON_BLOCKS = YES;
				GCC_WARN_64_TO_32_BIT_CONVERSION = YES;
				GCC_WARN_ABOUT_RETURN_TYPE = YES_ERROR;
				GCC_WARN_UNDECLARED_SELECTOR = YES;
				GCC_WARN_UNINITIALIZED_AUTOS = YES_AGGRESSIVE;
				GCC_WARN_UNUSED_FUNCTION = YES;
				GCC_WARN_UNUSED_VARIABLE = YES;
				IPHONEOS_DEPLOYMENT_TARGET = 12.1;
				MTL_ENABLE_DEBUG_INFO = NO;
				MTL_FAST_MATH = YES;
				SDKROOT = iphoneos;
				SWIFT_COMPILATION_MODE = wholemodule;
				SWIFT_OPTIMIZATION_LEVEL = "-O";
				VALIDATE_PRODUCT = YES;
			};
			name = Release;
		};
		AA07DAC821C8A38100066272 /* Debug */ = {
			isa = XCBuildConfiguration;
			buildSettings = {
				ASSETCATALOG_COMPILER_APPICON_NAME = AppIcon;
				CODE_SIGN_STYLE = Automatic;
				DEVELOPMENT_TEAM = 3AMPL46LPV;
				INFOPLIST_FILE = "GIF木頭人 重置/Info.plist";
				LD_RUNPATH_SEARCH_PATHS = (
					"$(inherited)",
					"@executable_path/Frameworks",
				);
				PRODUCT_BUNDLE_IDENTIFIER = "com.TsungYu.GIF------";
				PRODUCT_NAME = "$(TARGET_NAME)";
				SWIFT_VERSION = 4.2;
				TARGETED_DEVICE_FAMILY = "1,2";
			};
			name = Debug;
		};
		AA07DAC921C8A38100066272 /* Release */ = {
			isa = XCBuildConfiguration;
			buildSettings = {
				ASSETCATALOG_COMPILER_APPICON_NAME = AppIcon;
				CODE_SIGN_STYLE = Automatic;
				DEVELOPMENT_TEAM = 3AMPL46LPV;
				INFOPLIST_FILE = "GIF木頭人 重置/Info.plist";
				LD_RUNPATH_SEARCH_PATHS = (
					"$(inherited)",
					"@executable_path/Frameworks",
				);
				PRODUCT_BUNDLE_IDENTIFIER = "com.TsungYu.GIF------";
				PRODUCT_NAME = "$(TARGET_NAME)";
				SWIFT_VERSION = 4.2;
				TARGETED_DEVICE_FAMILY = "1,2";
			};
			name = Release;
		};
/* End XCBuildConfiguration section */

/* Begin XCConfigurationList section */
		AA07DAB021C8A37F00066272 /* Build configuration list for PBXProject "GIF木頭人 重置" */ = {
			isa = XCConfigurationList;
			buildConfigurations = (
				AA07DAC521C8A38100066272 /* Debug */,
				AA07DAC621C8A38100066272 /* Release */,
			);
			defaultConfigurationIsVisible = 0;
			defaultConfigurationName = Release;
		};
		AA07DAC721C8A38100066272 /* Build configuration list for PBXNativeTarget "GIF木頭人 重置" */ = {
			isa = XCConfigurationList;
			buildConfigurations = (
				AA07DAC821C8A38100066272 /* Debug */,
				AA07DAC921C8A38100066272 /* Release */,
			);
			defaultConfigurationIsVisible = 0;
			defaultConfigurationName = Release;
		};
/* End XCConfigurationList section */
	};
	rootObject = AA07DAAD21C8A37F00066272 /* Project object */;
}
